
Microsoft Visual Studio Solution File, Format Version 12.00
# Visual Studio Version 16
VisualStudioVersion = 16.0.34902.97
MinimumVisualStudioVersion = 10.0.40219.1
Project("{FAE04EC0-301F-11D3-BF4B-00C04F79EFBC}") = "Xadres-console", "Xadres-console\Xadres-console.csproj", "{0D9561AB-CBC2-4632-9041-42379CB68849}"
EndProject
Global
	GlobalSection(SolutionConfigurationPlatforms) = preSolution
		Debug|Any CPU = Debug|Any CPU
		Release|Any CPU = Release|Any CPU
	EndGlobalSection
	GlobalSection(ProjectConfigurationPlatforms) = postSolution
		{0D9561AB-CBC2-4632-9041-42379CB68849}.Debug|Any CPU.ActiveCfg = Debug|Any CPU
		{0D9561AB-CBC2-4632-9041-42379CB68849}.Debug|Any CPU.Build.0 = Debug|Any CPU
		{0D9561AB-CBC2-4632-9041-42379CB68849}.Release|Any CPU.ActiveCfg = Release|Any CPU
		{0D9561AB-CBC2-4632-9041-42379CB68849}.Release|Any CPU.Build.0 = Release|Any CPU
	EndGlobalSection
	GlobalSection(SolutionProperties) = preSolution
		HideSolutionNode = FALSE
	EndGlobalSection
	GlobalSection(ExtensibilityGlobals) = postSolution
		SolutionGuid = {772AC3EC-8579-4F7A-8620-446DB49739BC}
	EndGlobalSection
EndGlobal
